{
  "name": "snowball-middleware",
  "version": "0.1.0",
  "lockfileVersion": 3,
  "requires": true,
  "packages": {
    "": {
      "name": "snowball-middleware",
      "version": "0.1.0",
      "license": "UNLICENSED",
      "workspaces": [
        "packages/*"
      ],
      "devDependencies": {
        "@types/node": "20.19.43",
        "typescript": "5.9.3"
      },
      "engines": {
        "node": ">=20.19"
      }
    },
    "node_modules/@leichtgewicht/ip-codec": {
      "version": "2.0.5",
      "resolved": "https://registry.npmjs.org/@leichtgewicht/ip-codec/-/ip-codec-2.0.5.tgz",
      "integrity": "sha512-Vo+PSpZG2/fmgmiNzYK9qWRh8h/CHrwD0mo1h1DzL4yzHNSfWYujGTYsWGreD000gcgmZ7K4Ys6Tx9TxtsKdDw==",
      "license": "MIT"
    },
    "node_modules/@snowball/api": {
      "resolved": "packages/api",
      "link": true
    },
    "node_modules/@snowball/client-sdk": {
      "resolved": "packages/client-sdk",
      "link": true
    },
    "node_modules/@snowball/core": {
      "resolved": "packages/core",
      "link": true
    },
    "node_modules/@snowball/device-hid": {
      "resolved": "packages/device-hid",
      "link": true
    },
    "node_modules/@snowball/device-lan": {
      "resolved": "packages/device-lan",
      "link": true
    },
    "node_modules/@snowball/device-virtual": {
      "resolved": "packages/device-virtual",
      "link": true
    },
    "node_modules/@snowball/harness-codex": {
      "resolved": "packages/harness-codex",
      "link": true
    },
    "node_modules/@snowball/plugin-host": {
      "resolved": "packages/plugin-host",
      "link": true
    },
    "node_modules/@snowball/plugin-sdk": {
      "resolved": "packages/plugin-sdk",
      "link": true
    },
    "node_modules/@types/node": {
      "version": "20.19.43",
      "resolved": "https://registry.npmjs.org/@types/node/-/node-20.19.43.tgz",
      "integrity": "sha512-6oYBAi5ikg4Pl+kGsoYtawUMBT2zZMCvPNF7pVLnHZfd1zf38DRiWn/gT01RYCdUqkv7Fhr+C9ot4/tb+2sVvA==",
      "dev": true,
      "license": "MIT",
      "dependencies": {
        "undici-types": "~6.21.0"
      }
    },
    "node_modules/dns-packet": {
      "version": "5.6.1",
      "resolved": "https://registry.npmjs.org/dns-packet/-/dns-packet-5.6.1.tgz",
      "integrity": "sha512-l4gcSouhcgIKRvyy99RNVOgxXiicE+2jZoNmaNmZ6JXiGajBOJAesk1OBlJuM5k2c+eudGdLxDqXuPCKIj6kpw==",
      "license": "MIT",
      "dependencies": {
        "@leichtgewicht/ip-codec": "^2.0.1"
      },
      "engines": {
        "node": ">=6"
      }
    },
    "node_modules/node-addon-api": {
      "version": "8.9.2",
      "resolved": "https://registry.npmjs.org/node-addon-api/-/node-addon-api-8.9.2.tgz",
      "integrity": "sha512-VijLXbi3UACN69I0JVXJsX4tjACjNoQDgv2gTF6sx2wWEi8tkSg2eX8p5gSIFi8z2+DL3oHmY6OyKce38SDolg==",
      "license": "MIT",
      "optional": true,
      "engines": {
        "node": "^18 || ^20 || >= 21"
      }
    },
    "node_modules/node-hid": {
      "version": "3.4.0",
      "resolved": "https://registry.npmjs.org/node-hid/-/node-hid-3.4.0.tgz",
      "integrity": "sha512-Br7EO3bJARAJBdtcsGzF/Vs5TjfbkaMdglqLQ+Rk9GOGgVqv5DxYUVH5znLerJU+OfBWw8sd552Ujcprz1bG9g==",
      "hasInstallScript": true,
      "license": "(MIT OR X11)",
      "optional": true,
      "dependencies": {
        "node-addon-api": "^8.9.0",
        "pkg-prebuilds": "^1.1.0"
      },
      "bin": {
        "hid-showdevices": "src/show-devices.js"
      },
      "engines": {
        "node": ">=10.16"
      }
    },
    "node_modules/pkg-prebuilds": {
      "version": "1.1.0",
      "resolved": "https://registry.npmjs.org/pkg-prebuilds/-/pkg-prebuilds-1.1.0.tgz",
      "integrity": "sha512-jyai+KTQ2OwbN6iRYw88XbYOMgtpoSYJpjYebx7d9ihqz3txNi3ucsBt3va0iVWe6svSlaqpijMHFF/eJCMZzg==",
      "license": "MIT",
      "optional": true,
      "bin": {
        "pkg-prebuilds-copy": "bin/copy.mjs",
        "pkg-prebuilds-verify": "bin/verify.mjs"
      },
      "engines": {
        "node": ">= 14.15.0"
      }
    },
    "node_modules/typescript": {
      "version": "5.9.3",
      "resolved": "https://registry.npmjs.org/typescript/-/typescript-5.9.3.tgz",
      "integrity": "sha512-jl1vZzPDinLr9eUt3J/t7V6FgNEw9QjvBPdysz9KfQDD41fQrC2Y4vKQdiaUpFT4bXlb1RHhLpp8wtm6M5TgSw==",
      "dev": true,
      "license": "Apache-2.0",
      "bin": {
        "tsc": "bin/tsc",
        "tsserver": "bin/tsserver"
      },
      "engines": {
        "node": ">=14.17"
      }
    },
    "node_modules/undici-types": {
      "version": "6.21.0",
      "resolved": "https://registry.npmjs.org/undici-types/-/undici-types-6.21.0.tgz",
      "integrity": "sha512-iwDZqg0QAGrg9Rav5H4n0M64c3mkR59cJ6wQp+7C4nI0gsmExaedaYLNO44eT4AtBBwjbTiGPMlt2Md0T9H9JQ==",
      "dev": true,
      "license": "MIT"
    },
    "packages/api": {
      "name": "@snowball/api",
      "version": "0.1.0",
      "license": "UNLICENSED",
      "dependencies": {
        "@snowball/core": "0.1.0"
      }
    },
    "packages/client-sdk": {
      "name": "@snowball/client-sdk",
      "version": "0.1.0",
      "license": "UNLICENSED",
      "dependencies": {
        "@snowball/core": "0.1.0"
      }
    },
    "packages/core": {
      "name": "@snowball/core",
      "version": "0.1.0",
      "license": "UNLICENSED"
    },
    "packages/device-hid": {
      "name": "@snowball/device-hid",
      "version": "0.1.0",
      "license": "UNLICENSED",
      "optionalDependencies": {
        "node-hid": "3.4.0"
      }
    },
    "packages/device-lan": {
      "name": "@snowball/device-lan",
      "version": "0.1.0",
      "license": "UNLICENSED",
      "dependencies": {
        "dns-packet": "5.6.1"
      }
    },
    "packages/device-virtual": {
      "name": "@snowball/device-virtual",
      "version": "0.1.0",
      "license": "UNLICENSED"
    },
    "packages/harness-codex": {
      "name": "@snowball/harness-codex",
      "version": "0.1.0",
      "license": "UNLICENSED",
      "dependencies": {
        "@snowball/core": "0.1.0",
        "@snowball/plugin-sdk": "0.1.0"
      }
    },
    "packages/plugin-host": {
      "name": "@snowball/plugin-host",
      "version": "0.1.0",
      "license": "UNLICENSED",
      "dependencies": {
        "@snowball/plugin-sdk": "0.1.0"
      }
    },
    "packages/plugin-sdk": {
      "name": "@snowball/plugin-sdk",
      "version": "0.1.0",
      "license": "UNLICENSED"
    }
  }
}
